// !$*UTF8*$!
{
	archiveVersion = 1;
	classes = {
	};
	objectVersion = 50;
	objects = {

/* Begin PBXBuildFile section */
		526DF78E21F9DB1900A97553 /* LotteryRecord.plist in Resources */ = {isa = PBXBuildFile; fileRef = 526DF78D21F9DB1900A97553 /* LotteryRecord.plist */; };
		526DF79021F9DBF600A97553 /* WinRord.plist in Resources */ = {isa = PBXBuildFile; fileRef = 526DF78F21F9DBF600A97553 /* WinRord.plist */; };
		526DF79721F9E1C800A97553 /* HLMAddWinRecordViewController.m in Sources */ = {isa = PBXBuildFile; fileRef = 526DF79521F9E1C800A97553 /* HLMAddWinRecordViewController.m */; };
		526DF79821F9E1C800A97553 /* HLMAddWinRecordViewController.xib in Resources */ = {isa = PBXBuildFile; fileRef = 526DF79621F9E1C800A97553 /* HLMAddWinRecordViewController.xib */; };
		526DF79B21F9E7D500A97553 /* HLMAddWinRecordModel.m in Sources */ = {isa = PBXBuildFile; fileRef = 526DF79A21F9E7D500A97553 /* HLMAddWinRecordModel.m */; };
		526DF79F21FAD1F200A97553 /* HLMDataBase.m in Sources */ = {isa = PBXBuildFile; fileRef = 526DF79E21FAD1F200A97553 /* HLMDataBase.m */; };
		526DF7A421FB089B00A97553 /* HLMEditWinRecordViewController.m in Sources */ = {isa = PBXBuildFile; fileRef = 526DF7A221FB089B00A97553 /* HLMEditWinRecordViewController.m */; };
		526DF7A521FB089B00A97553 /* HLMEditWinRecordViewController.xib in Resources */ = {isa = PBXBuildFile; fileRef = 526DF7A321FB089B00A97553 /* HLMEditWinRecordViewController.xib */; };
		526DF7A921FB08B200A97553 /* HLMDeleteWinRecordViewController.m in Sources */ = {isa = PBXBuildFile; fileRef = 526DF7A721FB08B200A97553 /* HLMDeleteWinRecordViewController.m */; };
		526DF7AA21FB08B200A97553 /* HLMDeleteWinRecordViewController.xib in Resources */ = {isa = PBXBuildFile; fileRef = 526DF7A821FB08B200A97553 /* HLMDeleteWinRecordViewController.xib */; };
		52C6750121F99E0C0053A40A /* AppDelegate.m in Sources */ = {isa = PBXBuildFile; fileRef = 52C6750021F99E0C0053A40A /* AppDelegate.m */; };
		52C6750421F99E0C0053A40A /* ViewController.m in Sources */ = {isa = PBXBuildFile; fileRef = 52C6750321F99E0C0053A40A /* ViewController.m */; };
		52C6750721F99E0C0053A40A /* Main.storyboard in Resources */ = {isa = PBXBuildFile; fileRef = 52C6750521F99E0C0053A40A /* Main.storyboard */; };
		52C6750921F99E0D0053A40A /* Assets.xcassets in Resources */ = {isa = PBXBuildFile; fileRef = 52C6750821F99E0D0053A40A /* Assets.xcassets */; };
		52C6750C21F99E0D0053A40A /* LaunchScreen.storyboard in Resources */ = {isa = PBXBuildFile; fileRef = 52C6750A21F99E0D0053A40A /* LaunchScreen.storyboard */; };
		52C6750F21F99E0D0053A40A /* main.m in Sources */ = {isa = PBXBuildFile; fileRef = 52C6750E21F99E0D0053A40A /* main.m */; };
		52C6751921F99E0D0053A40A /* lotteryStaticsProjectTests.m in Sources */ = {isa = PBXBuildFile; fileRef = 52C6751821F99E0D0053A40A /* lotteryStaticsProjectTests.m */; };
		52C6752421F99E0D0053A40A /* lotteryStaticsProjectUITests.m in Sources */ = {isa = PBXBuildFile; fileRef = 52C6752321F99E0D0053A40A /* lotteryStaticsProjectUITests.m */; };
		52C6753B21F9ADFB0053A40A /* HLMWinStatisticsTableViewController.m in Sources */ = {isa = PBXBuildFile; fileRef = 52C6753A21F9ADFB0053A40A /* HLMWinStatisticsTableViewController.m */; };
		52C6754121F9AE900053A40A /* HLMWinStatisticsModel.m in Sources */ = {isa = PBXBuildFile; fileRef = 52C6754021F9AE900053A40A /* HLMWinStatisticsModel.m */; };
		52C6754721F9B1150053A40A /* HLMLotteryStrategysTableViewController.m in Sources */ = {isa = PBXBuildFile; fileRef = 52C6754621F9B1150053A40A /* HLMLotteryStrategysTableViewController.m */; };
		52C6754A21F9B12C0053A40A /* HLMLotteryStrategysModel.m in Sources */ = {isa = PBXBuildFile; fileRef = 52C6754921F9B12C0053A40A /* HLMLotteryStrategysModel.m */; };
		52C6755221F9B7E50053A40A /* LotteryStrategys.plist in Resources */ = {isa = PBXBuildFile; fileRef = 52C6755121F9B7E50053A40A /* LotteryStrategys.plist */; };
		52C6755621F9C0E50053A40A /* HLMWinStatisticsTableViewCell.m in Sources */ = {isa = PBXBuildFile; fileRef = 52C6755421F9C0E50053A40A /* HLMWinStatisticsTableViewCell.m */; };
		52C6755721F9C0E50053A40A /* HLMWinStatisticsTableViewCell.xib in Resources */ = {isa = PBXBuildFile; fileRef = 52C6755521F9C0E50053A40A /* HLMWinStatisticsTableViewCell.xib */; };
		52C6755B21F9C0F70053A40A /* HLMLotteryStrategysTableViewCell.m in Sources */ = {isa = PBXBuildFile; fileRef = 52C6755921F9C0F70053A40A /* HLMLotteryStrategysTableViewCell.m */; };
		52C6755C21F9C0F70053A40A /* HLMLotteryStrategysTableViewCell.xib in Resources */ = {isa = PBXBuildFile; fileRef = 52C6755A21F9C0F70053A40A /* HLMLotteryStrategysTableViewCell.xib */; };
		5A1A5EC842674A0656C9EE16 /* libPods-lotteryStaticsProjectTests.a in Frameworks */ = {isa = PBXBuildFile; fileRef = 9A5EE4E992A0374DE2570404 /* libPods-lotteryStaticsProjectTests.a */; };
		756BEAAC40D47728CB22B427 /* libPods-lotteryStaticsProjectUITests.a in Frameworks */ = {isa = PBXBuildFile; fileRef = F56CAC30F5A04E23FFA83703 /* libPods-lotteryStaticsProjectUITests.a */; };
		9AD411FF33A63A124C5EA207 /* libPods-lotteryStaticsProject.a in Frameworks */ = {isa = PBXBuildFile; fileRef = 6EACD437C83B6FDC913FCB87 /* libPods-lotteryStaticsProject.a */; };
		9C58B12421FB66FC00A136D0 /* HLMRewardRecordViewController.m in Sources */ = {isa = PBXBuildFile; fileRef = 9C58B12221FB66FC00A136D0 /* HLMRewardRecordViewController.m */; };
		9C58B12521FB66FC00A136D0 /* HLMRewardRecordViewController.xib in Resources */ = {isa = PBXBuildFile; fileRef = 9C58B12321FB66FC00A136D0 /* HLMRewardRecordViewController.xib */; };
		9C58B12921FB676300A136D0 /* HLMRewardRecordViewCell.m in Sources */ = {isa = PBXBuildFile; fileRef = 9C58B12721FB676300A136D0 /* HLMRewardRecordViewCell.m */; };
		9C58B12A21FB676300A136D0 /* HLMRewardRecordViewCell.xib in Resources */ = {isa = PBXBuildFile; fileRef = 9C58B12821FB676300A136D0 /* HLMRewardRecordViewCell.xib */; };
		9C58B13021FB6A0500A136D0 /* HLMRewardRecordModel.m in Sources */ = {isa = PBXBuildFile; fileRef = 9C58B12F21FB6A0500A136D0 /* HLMRewardRecordModel.m */; };
/* End PBXBuildFile section */

/* Begin PBXContainerItemProxy section */
		52C6751521F99E0D0053A40A /* PBXContainerItemProxy */ = {
			isa = PBXContainerItemProxy;
			containerPortal = 52C674F421F99E0C0053A40A /* Project object */;
			proxyType = 1;
			remoteGlobalIDString = 52C674FB21F99E0C0053A40A;
			remoteInfo = lotteryStaticsProject;
		};
		52C6752021F99E0D0053A40A /* PBXContainerItemProxy */ = {
			isa = PBXContainerItemProxy;
			containerPortal = 52C674F421F99E0C0053A40A /* Project object */;
			proxyType = 1;
			remoteGlobalIDString = 52C674FB21F99E0C0053A40A;
			remoteInfo = lotteryStaticsProject;
		};
/* End PBXContainerItemProxy section */

/* Begin PBXFileReference section */
		3D7EB2147EF154482CDF11F1 /* Pods-lotteryStaticsProjectUITests.release.xcconfig */ = {isa = PBXFileReference; includeInIndex = 1; lastKnownFileType = text.xcconfig; name = "Pods-lotteryStaticsProjectUITests.release.xcconfig"; path = "Pods/Target Support Files/Pods-lotteryStaticsProjectUITests/Pods-lotteryStaticsProjectUITests.release.xcconfig"; sourceTree = "<group>"; };
		526DF78D21F9DB1900A97553 /* LotteryRecord.plist */ = {isa = PBXFileReference; lastKnownFileType = text.plist.xml; path = LotteryRecord.plist; sourceTree = "<group>"; };
		526DF78F21F9DBF600A97553 /* WinRord.plist */ = {isa = PBXFileReference; lastKnownFileType = text.plist.xml; path = WinRord.plist; sourceTree = "<group>"; };
		526DF79421F9E1C800A97553 /* HLMAddWinRecordViewController.h */ = {isa = PBXFileReference; lastKnownFileType = sourcecode.c.h; path = HLMAddWinRecordViewController.h; sourceTree = "<group>"; };
		526DF79521F9E1C800A97553 /* HLMAddWinRecordViewController.m */ = {isa = PBXFileReference; lastKnownFileType = sourcecode.c.objc; path = HLMAddWinRecordViewController.m; sourceTree = "<group>"; };
		526DF79621F9E1C800A97553 /* HLMAddWinRecordViewController.xib */ = {isa = PBXFileReference; lastKnownFileType = file.xib; path = HLMAddWinRecordViewController.xib; sourceTree = "<group>"; };
		526DF79921F9E7D500A97553 /* HLMAddWinRecordModel.h */ = {isa = PBXFileReference; lastKnownFileType = sourcecode.c.h; path = HLMAddWinRecordModel.h; sourceTree = "<group>"; };
		526DF79A21F9E7D500A97553 /* HLMAddWinRecordModel.m */ = {isa = PBXFileReference; lastKnownFileType = sourcecode.c.objc; path = HLMAddWinRecordModel.m; sourceTree = "<group>"; };
		526DF79D21FAD1F200A97553 /* HLMDataBase.h */ = {isa = PBXFileReference; lastKnownFileType = sourcecode.c.h; path = HLMDataBase.h; sourceTree = "<group>"; };
		526DF79E21FAD1F200A97553 /* HLMDataBase.m */ = {isa = PBXFileReference; lastKnownFileType = sourcecode.c.objc; path = HLMDataBase.m; sourceTree = "<group>"; };
		526DF7A021FB01D900A97553 /* HLMNotificationMacro.h */ = {isa = PBXFileReference; lastKnownFileType = sourcecode.c.h; path = HLMNotificationMacro.h; sourceTree = "<group>"; };
		526DF7A121FB089B00A97553 /* HLMEditWinRecordViewController.h */ = {isa = PBXFileReference; lastKnownFileType = sourcecode.c.h; path = HLMEditWinRecordViewController.h; sourceTree = "<group>"; };
		526DF7A221FB089B00A97553 /* HLMEditWinRecordViewController.m */ = {isa = PBXFileReference; lastKnownFileType = sourcecode.c.objc; path = HLMEditWinRecordViewController.m; sourceTree = "<group>"; };
		526DF7A321FB089B00A97553 /* HLMEditWinRecordViewController.xib */ = {isa = PBXFileReference; lastKnownFileType = file.xib; path = HLMEditWinRecordViewController.xib; sourceTree = "<group>"; };
		526DF7A621FB08B200A97553 /* HLMDeleteWinRecordViewController.h */ = {isa = PBXFileReference; lastKnownFileType = sourcecode.c.h; path = HLMDeleteWinRecordViewController.h; sourceTree = "<group>"; };
		526DF7A721FB08B200A97553 /* HLMDeleteWinRecordViewController.m */ = {isa = PBXFileReference; lastKnownFileType = sourcecode.c.objc; path = HLMDeleteWinRecordViewController.m; sourceTree = "<group>"; };
		526DF7A821FB08B200A97553 /* HLMDeleteWinRecordViewController.xib */ = {isa = PBXFileReference; lastKnownFileType = file.xib; path = HLMDeleteWinRecordViewController.xib; sourceTree = "<group>"; };
		52C674FC21F99E0C0053A40A /* lotteryStaticsProject.app */ = {isa = PBXFileReference; explicitFileType = wrapper.application; includeInIndex = 0; path = lotteryStaticsProject.app; sourceTree = BUILT_PRODUCTS_DIR; };
		52C674FF21F99E0C0053A40A /* AppDelegate.h */ = {isa = PBXFileReference; lastKnownFileType = sourcecode.c.h; path = AppDelegate.h; sourceTree = "<group>"; };
		52C6750021F99E0C0053A40A /* AppDelegate.m */ = {isa = PBXFileReference; lastKnownFileType = sourcecode.c.objc; path = AppDelegate.m; sourceTree = "<group>"; };
		52C6750221F99E0C0053A40A /* ViewController.h */ = {isa = PBXFileReference; lastKnownFileType = sourcecode.c.h; path = ViewController.h; sourceTree = "<group>"; };
		52C6750321F99E0C0053A40A /* ViewController.m */ = {isa = PBXFileReference; lastKnownFileType = sourcecode.c.objc; path = ViewController.m; sourceTree = "<group>"; };
		52C6750621F99E0C0053A40A /* Base */ = {isa = PBXFileReference; lastKnownFileType = file.storyboard; name = Base; path = Base.lproj/Main.storyboard; sourceTree = "<group>"; };
		52C6750821F99E0D0053A40A /* Assets.xcassets */ = {isa = PBXFileReference; lastKnownFileType = folder.assetcatalog; path = Assets.xcassets; sourceTree = "<group>"; };
		52C6750B21F99E0D0053A40A /* Base */ = {isa = PBXFileReference; lastKnownFileType = file.storyboard; name = Base; path = Base.lproj/LaunchScreen.storyboard; sourceTree = "<group>"; };
		52C6750D21F99E0D0053A40A /* Info.plist */ = {isa = PBXFileReference; lastKnownFileType = text.plist.xml; path = Info.plist; sourceTree = "<group>"; };
		52C6750E21F99E0D0053A40A /* main.m */ = {isa = PBXFileReference; lastKnownFileType = sourcecode.c.objc; path = main.m; sourceTree = "<group>"; };
		52C6751421F99E0D0053A40A /* lotteryStaticsProjectTests.xctest */ = {isa = PBXFileReference; explicitFileType = wrapper.cfbundle; includeInIndex = 0; path = lotteryStaticsProjectTests.xctest; sourceTree = BUILT_PRODUCTS_DIR; };
		52C6751821F99E0D0053A40A /* lotteryStaticsProjectTests.m */ = {isa = PBXFileReference; lastKnownFileType = sourcecode.c.objc; path = lotteryStaticsProjectTests.m; sourceTree = "<group>"; };
		52C6751A21F99E0D0053A40A /* Info.plist */ = {isa = PBXFileReference; lastKnownFileType = text.plist.xml; path = Info.plist; sourceTree = "<group>"; };
		52C6751F21F99E0D0053A40A /* lotteryStaticsProjectUITests.xctest */ = {isa = PBXFileReference; explicitFileType = wrapper.cfbundle; includeInIndex = 0; path = lotteryStaticsProjectUITests.xctest; sourceTree = BUILT_PRODUCTS_DIR; };
		52C6752321F99E0D0053A40A /* lotteryStaticsProjectUITests.m */ = {isa = PBXFileReference; lastKnownFileType = sourcecode.c.objc; path = lotteryStaticsProjectUITests.m; sourceTree = "<group>"; };
		52C6752521F99E0D0053A40A /* Info.plist */ = {isa = PBXFileReference; lastKnownFileType = text.plist.xml; path = Info.plist; sourceTree = "<group>"; };
		52C6753221F9A5A50053A40A /* HLMCustomMacro.h */ = {isa = PBXFileReference; lastKnownFileType = sourcecode.c.h; path = HLMCustomMacro.h; sourceTree = "<group>"; };
		52C6753321F9A70D0053A40A /* lotteryStaticsProject_PrefixHeader.pch */ = {isa = PBXFileReference; lastKnownFileType = sourcecode.c.h; path = lotteryStaticsProject_PrefixHeader.pch; sourceTree = "<group>"; };
		52C6753821F9A94C0053A40A /* HLMThirdPartHeads.h */ = {isa = PBXFileReference; lastKnownFileType = sourcecode.c.h; path = HLMThirdPartHeads.h; sourceTree = "<group>"; };
		52C6753921F9ADFA0053A40A /* HLMWinStatisticsTableViewController.h */ = {isa = PBXFileReference; lastKnownFileType = sourcecode.c.h; path = HLMWinStatisticsTableViewController.h; sourceTree = "<group>"; };
		52C6753A21F9ADFB0053A40A /* HLMWinStatisticsTableViewController.m */ = {isa = PBXFileReference; lastKnownFileType = sourcecode.c.objc; path = HLMWinStatisticsTableViewController.m; sourceTree = "<group>"; };
		52C6753F21F9AE900053A40A /* HLMWinStatisticsModel.h */ = {isa = PBXFileReference; lastKnownFileType = sourcecode.c.h; path = HLMWinStatisticsModel.h; sourceTree = "<group>"; };
		52C6754021F9AE900053A40A /* HLMWinStatisticsModel.m */ = {isa = PBXFileReference; lastKnownFileType = sourcecode.c.objc; path = HLMWinStatisticsModel.m; sourceTree = "<group>"; };
		52C6754521F9B1150053A40A /* HLMLotteryStrategysTableViewController.h */ = {isa = PBXFileReference; lastKnownFileType = sourcecode.c.h; path = HLMLotteryStrategysTableViewController.h; sourceTree = "<group>"; };
		52C6754621F9B1150053A40A /* HLMLotteryStrategysTableViewController.m */ = {isa = PBXFileReference; lastKnownFileType = sourcecode.c.objc; path = HLMLotteryStrategysTableViewController.m; sourceTree = "<group>"; };
		52C6754821F9B12C0053A40A /* HLMLotteryStrategysModel.h */ = {isa = PBXFileReference; lastKnownFileType = sourcecode.c.h; path = HLMLotteryStrategysModel.h; sourceTree = "<group>"; };
		52C6754921F9B12C0053A40A /* HLMLotteryStrategysModel.m */ = {isa = PBXFileReference; lastKnownFileType = sourcecode.c.objc; path = HLMLotteryStrategysModel.m; sourceTree = "<group>"; };
		52C6755121F9B7E50053A40A /* LotteryStrategys.plist */ = {isa = PBXFileReference; lastKnownFileType = text.plist.xml; path = LotteryStrategys.plist; sourceTree = "<group>"; };
		52C6755321F9C0E50053A40A /* HLMWinStatisticsTableViewCell.h */ = {isa = PBXFileReference; lastKnownFileType = sourcecode.c.h; path = HLMWinStatisticsTableViewCell.h; sourceTree = "<group>"; };
		52C6755421F9C0E50053A40A /* HLMWinStatisticsTableViewCell.m */ = {isa = PBXFileReference; lastKnownFileType = sourcecode.c.objc; path = HLMWinStatisticsTableViewCell.m; sourceTree = "<group>"; };
		52C6755521F9C0E50053A40A /* HLMWinStatisticsTableViewCell.xib */ = {isa = PBXFileReference; lastKnownFileType = file.xib; path = HLMWinStatisticsTableViewCell.xib; sourceTree = "<group>"; };
		52C6755821F9C0F70053A40A /* HLMLotteryStrategysTableViewCell.h */ = {isa = PBXFileReference; lastKnownFileType = sourcecode.c.h; path = HLMLotteryStrategysTableViewCell.h; sourceTree = "<group>"; };
		52C6755921F9C0F70053A40A /* HLMLotteryStrategysTableViewCell.m */ = {isa = PBXFileReference; lastKnownFileType = sourcecode.c.objc; path = HLMLotteryStrategysTableViewCell.m; sourceTree = "<group>"; };
		52C6755A21F9C0F70053A40A /* HLMLotteryStrategysTableViewCell.xib */ = {isa = PBXFileReference; lastKnownFileType = file.xib; path = HLMLotteryStrategysTableViewCell.xib; sourceTree = "<group>"; };
		6EACD437C83B6FDC913FCB87 /* libPods-lotteryStaticsProject.a */ = {isa = PBXFileReference; explicitFileType = archive.ar; includeInIndex = 0; path = "libPods-lotteryStaticsProject.a"; sourceTree = BUILT_PRODUCTS_DIR; };
		9A5EE4E992A0374DE2570404 /* libPods-lotteryStaticsProjectTests.a */ = {isa = PBXFileReference; explicitFileType = archive.ar; includeInIndex = 0; path = "libPods-lotteryStaticsProjectTests.a"; sourceTree = BUILT_PRODUCTS_DIR; };
		9C58B12121FB66FC00A136D0 /* HLMRewardRecordViewController.h */ = {isa = PBXFileReference; lastKnownFileType = sourcecode.c.h; path = HLMRewardRecordViewController.h; sourceTree = "<group>"; };
		9C58B12221FB66FC00A136D0 /* HLMRewardRecordViewController.m */ = {isa = PBXFileReference; lastKnownFileType = sourcecode.c.objc; path = HLMRewardRecordViewController.m; sourceTree = "<group>"; };
		9C58B12321FB66FC00A136D0 /* HLMRewardRecordViewController.xib */ = {isa = PBXFileReference; lastKnownFileType = file.xib; path = HLMRewardRecordViewController.xib; sourceTree = "<group>"; };
		9C58B12621FB676300A136D0 /* HLMRewardRecordViewCell.h */ = {isa = PBXFileReference; lastKnownFileType = sourcecode.c.h; path = HLMRewardRecordViewCell.h; sourceTree = "<group>"; };
		9C58B12721FB676300A136D0 /* HLMRewardRecordViewCell.m */ = {isa = PBXFileReference; lastKnownFileType = sourcecode.c.objc; path = HLMRewardRecordViewCell.m; sourceTree = "<group>"; };
		9C58B12821FB676300A136D0 /* HLMRewardRecordViewCell.xib */ = {isa = PBXFileReference; lastKnownFileType = file.xib; path = HLMRewardRecordViewCell.xib; sourceTree = "<group>"; };
		9C58B12E21FB6A0500A136D0 /* HLMRewardRecordModel.h */ = {isa = PBXFileReference; lastKnownFileType = sourcecode.c.h; path = HLMRewardRecordModel.h; sourceTree = "<group>"; };
		9C58B12F21FB6A0500A136D0 /* HLMRewardRecordModel.m */ = {isa = PBXFileReference; lastKnownFileType = sourcecode.c.objc; path = HLMRewardRecordModel.m; sourceTree = "<group>"; };
		A9E3EC830D0160D562860332 /* Pods-lotteryStaticsProject.release.xcconfig */ = {isa = PBXFileReference; includeInIndex = 1; lastKnownFileType = text.xcconfig; name = "Pods-lotteryStaticsProject.release.xcconfig"; path = "Pods/Target Support Files/Pods-lotteryStaticsProject/Pods-lotteryStaticsProject.release.xcconfig"; sourceTree = "<group>"; };
		B114110F2EBF5BAD1AAE557F /* Pods-lotteryStaticsProjectUITests.debug.xcconfig */ = {isa = PBXFileReference; includeInIndex = 1; lastKnownFileType = text.xcconfig; name = "Pods-lotteryStaticsProjectUITests.debug.xcconfig"; path = "Pods/Target Support Files/Pods-lotteryStaticsProjectUITests/Pods-lotteryStaticsProjectUITests.debug.xcconfig"; sourceTree = "<group>"; };
		B819FA2EF09B67515555F678 /* Pods-lotteryStaticsProjectTests.release.xcconfig */ = {isa = PBXFileReference; includeInIndex = 1; lastKnownFileType = text.xcconfig; name = "Pods-lotteryStaticsProjectTests.release.xcconfig"; path = "Pods/Target Support Files/Pods-lotteryStaticsProjectTests/Pods-lotteryStaticsProjectTests.release.xcconfig"; sourceTree = "<group>"; };
		CED264E712B531713B21306B /* Pods-lotteryStaticsProject.debug.xcconfig */ = {isa = PBXFileReference; includeInIndex = 1; lastKnownFileType = text.xcconfig; name = "Pods-lotteryStaticsProject.debug.xcconfig"; path = "Pods/Target Support Files/Pods-lotteryStaticsProject/Pods-lotteryStaticsProject.debug.xcconfig"; sourceTree = "<group>"; };
		DCFBE81C8887E4D1A9AF72FB /* Pods-lotteryStaticsProjectTests.debug.xcconfig */ = {isa = PBXFileReference; includeInIndex = 1; lastKnownFileType = text.xcconfig; name = "Pods-lotteryStaticsProjectTests.debug.xcconfig"; path = "Pods/Target Support Files/Pods-lotteryStaticsProjectTests/Pods-lotteryStaticsProjectTests.debug.xcconfig"; sourceTree = "<group>"; };
		F56CAC30F5A04E23FFA83703 /* libPods-lotteryStaticsProjectUITests.a */ = {isa = PBXFileReference; explicitFileType = archive.ar; includeInIndex = 0; path = "libPods-lotteryStaticsProjectUITests.a"; sourceTree = BUILT_PRODUCTS_DIR; };
/* End PBXFileReference section */

/* Begin PBXFrameworksBuildPhase section */
		52C674F921F99E0C0053A40A /* Frameworks */ = {
			isa = PBXFrameworksBuildPhase;
			buildActionMask = 2147483647;
			files = (
				9AD411FF33A63A124C5EA207 /* libPods-lotteryStaticsProject.a in Frameworks */,
			);
			runOnlyForDeploymentPostprocessing = 0;
		};
		52C6751121F99E0D0053A40A /* Frameworks */ = {
			isa = PBXFrameworksBuildPhase;
			buildActionMask = 2147483647;
			files = (
				5A1A5EC842674A0656C9EE16 /* libPods-lotteryStaticsProjectTests.a in Frameworks */,
			);
			runOnlyForDeploymentPostprocessing = 0;
		};
		52C6751C21F99E0D0053A40A /* Frameworks */ = {
			isa = PBXFrameworksBuildPhase;
			buildActionMask = 2147483647;
			files = (
				756BEAAC40D47728CB22B427 /* libPods-lotteryStaticsProjectUITests.a in Frameworks */,
			);
			runOnlyForDeploymentPostprocessing = 0;
		};
/* End PBXFrameworksBuildPhase section */

/* Begin PBXGroup section */
		526DF79C21FAD1C400A97553 /* FMDataBase */ = {
			isa = PBXGroup;
			children = (
				526DF79D21FAD1F200A97553 /* HLMDataBase.h */,
				526DF79E21FAD1F200A97553 /* HLMDataBase.m */,
			);
			path = FMDataBase;
			sourceTree = "<group>";
		};
		52C674F321F99E0C0053A40A = {
			isa = PBXGroup;
			children = (
				52C674FE21F99E0C0053A40A /* lotteryStaticsProject */,
				52C6751721F99E0D0053A40A /* lotteryStaticsProjectTests */,
				52C6752221F99E0D0053A40A /* lotteryStaticsProjectUITests */,
				52C674FD21F99E0C0053A40A /* Products */,
				7EE12C5060E0E11DB0730BF0 /* Pods */,
				BD1BB14F58CE800DC50AE737 /* Frameworks */,
			);
			sourceTree = "<group>";
		};
		52C674FD21F99E0C0053A40A /* Products */ = {
			isa = PBXGroup;
			children = (
				52C674FC21F99E0C0053A40A /* lotteryStaticsProject.app */,
				52C6751421F99E0D0053A40A /* lotteryStaticsProjectTests.xctest */,
				52C6751F21F99E0D0053A40A /* lotteryStaticsProjectUITests.xctest */,
			);
			name = Products;
			sourceTree = "<group>";
		};
		52C674FE21F99E0C0053A40A /* lotteryStaticsProject */ = {
			isa = PBXGroup;
			children = (
				52C6753421F9A83C0053A40A /* Home */,
				52C674FF21F99E0C0053A40A /* AppDelegate.h */,
				52C6750021F99E0C0053A40A /* AppDelegate.m */,
				52C6750221F99E0C0053A40A /* ViewController.h */,
				52C6750321F99E0C0053A40A /* ViewController.m */,
				52C6750521F99E0C0053A40A /* Main.storyboard */,
				52C6750821F99E0D0053A40A /* Assets.xcassets */,
				52C6750A21F99E0D0053A40A /* LaunchScreen.storyboard */,
				52C6750D21F99E0D0053A40A /* Info.plist */,
				52C6750E21F99E0D0053A40A /* main.m */,
				52C6753321F9A70D0053A40A /* lotteryStaticsProject_PrefixHeader.pch */,
				526DF79C21FAD1C400A97553 /* FMDataBase */,
				52C6755021F9B7AF0053A40A /* Plists */,
				52C6753121F9A3EA0053A40A /* Macros */,
			);
			path = lotteryStaticsProject;
			sourceTree = "<group>";
		};
		52C6751721F99E0D0053A40A /* lotteryStaticsProjectTests */ = {
			isa = PBXGroup;
			children = (
				52C6751821F99E0D0053A40A /* lotteryStaticsProjectTests.m */,
				52C6751A21F99E0D0053A40A /* Info.plist */,
			);
			path = lotteryStaticsProjectTests;
			sourceTree = "<group>";
		};
		52C6752221F99E0D0053A40A /* lotteryStaticsProjectUITests */ = {
			isa = PBXGroup;
			children = (
				52C6752321F99E0D0053A40A /* lotteryStaticsProjectUITests.m */,
				52C6752521F99E0D0053A40A /* Info.plist */,
			);
			path = lotteryStaticsProjectUITests;
			sourceTree = "<group>";
		};
		52C6753121F9A3EA0053A40A /* Macros */ = {
			isa = PBXGroup;
			children = (
				52C6753221F9A5A50053A40A /* HLMCustomMacro.h */,
				52C6753821F9A94C0053A40A /* HLMThirdPartHeads.h */,
				526DF7A021FB01D900A97553 /* HLMNotificationMacro.h */,
			);
			path = Macros;
			sourceTree = "<group>";
		};
		52C6753421F9A83C0053A40A /* Home */ = {
			isa = PBXGroup;
			children = (
				52C6753621F9A8720053A40A /* C */,
				52C6753721F9A8720053A40A /* M */,
				52C6753521F9A8720053A40A /* V */,
			);
			path = Home;
			sourceTree = "<group>";
		};
		52C6753521F9A8720053A40A /* V */ = {
			isa = PBXGroup;
			children = (
				52C6755321F9C0E50053A40A /* HLMWinStatisticsTableViewCell.h */,
				52C6755421F9C0E50053A40A /* HLMWinStatisticsTableViewCell.m */,
				52C6755521F9C0E50053A40A /* HLMWinStatisticsTableViewCell.xib */,
				52C6755821F9C0F70053A40A /* HLMLotteryStrategysTableViewCell.h */,
				52C6755921F9C0F70053A40A /* HLMLotteryStrategysTableViewCell.m */,
				52C6755A21F9C0F70053A40A /* HLMLotteryStrategysTableViewCell.xib */,
				9C58B12621FB676300A136D0 /* HLMRewardRecordViewCell.h */,
				9C58B12721FB676300A136D0 /* HLMRewardRecordViewCell.m */,
				9C58B12821FB676300A136D0 /* HLMRewardRecordViewCell.xib */,
			);
			path = V;
			sourceTree = "<group>";
		};
		52C6753621F9A8720053A40A /* C */ = {
			isa = PBXGroup;
			children = (
				52C6753921F9ADFA0053A40A /* HLMWinStatisticsTableViewController.h */,
				52C6753A21F9ADFB0053A40A /* HLMWinStatisticsTableViewController.m */,
				52C6754521F9B1150053A40A /* HLMLotteryStrategysTableViewController.h */,
				52C6754621F9B1150053A40A /* HLMLotteryStrategysTableViewController.m */,
				526DF79421F9E1C800A97553 /* HLMAddWinRecordViewController.h */,
				526DF79521F9E1C800A97553 /* HLMAddWinRecordViewController.m */,
				526DF79621F9E1C800A97553 /* HLMAddWinRecordViewController.xib */,
				526DF7A121FB089B00A97553 /* HLMEditWinRecordViewController.h */,
				526DF7A221FB089B00A97553 /* HLMEditWinRecordViewController.m */,
				526DF7A321FB089B00A97553 /* HLMEditWinRecordViewController.xib */,
				526DF7A621FB08B200A97553 /* HLMDeleteWinRecordViewController.h */,
				526DF7A721FB08B200A97553 /* HLMDeleteWinRecordViewController.m */,
				526DF7A821FB08B200A97553 /* HLMDeleteWinRecordViewController.xib */,
				9C58B12121FB66FC00A136D0 /* HLMRewardRecordViewController.h */,
				9C58B12221FB66FC00A136D0 /* HLMRewardRecordViewController.m */,
				9C58B12321FB66FC00A136D0 /* HLMRewardRecordViewController.xib */,
			);
			path = C;
			sourceTree = "<group>";
		};
		52C6753721F9A8720053A40A /* M */ = {
			isa = PBXGroup;
			children = (
				52C6753F21F9AE900053A40A /* HLMWinStatisticsModel.h */,
				52C6754021F9AE900053A40A /* HLMWinStatisticsModel.m */,
				52C6754821F9B12C0053A40A /* HLMLotteryStrategysModel.h */,
				52C6754921F9B12C0053A40A /* HLMLotteryStrategysModel.m */,
				526DF79921F9E7D500A97553 /* HLMAddWinRecordModel.h */,
				526DF79A21F9E7D500A97553 /* HLMAddWinRecordModel.m */,
				9C58B12E21FB6A0500A136D0 /* HLMRewardRecordModel.h */,
				9C58B12F21FB6A0500A136D0 /* HLMRewardRecordModel.m */,
			);
			path = M;
			sourceTree = "<group>";
		};
		52C6755021F9B7AF0053A40A /* Plists */ = {
			isa = PBXGroup;
			children = (
				52C6755121F9B7E50053A40A /* LotteryStrategys.plist */,
				526DF78D21F9DB1900A97553 /* LotteryRecord.plist */,
				526DF78F21F9DBF600A97553 /* WinRord.plist */,
			);
			path = Plists;
			sourceTree = "<group>";
		};
		7EE12C5060E0E11DB0730BF0 /* Pods */ = {
			isa = PBXGroup;
			children = (
				CED264E712B531713B21306B /* Pods-lotteryStaticsProject.debug.xcconfig */,
				A9E3EC830D0160D562860332 /* Pods-lotteryStaticsProject.release.xcconfig */,
				DCFBE81C8887E4D1A9AF72FB /* Pods-lotteryStaticsProjectTests.debug.xcconfig */,
				B819FA2EF09B67515555F678 /* Pods-lotteryStaticsProjectTests.release.xcconfig */,
				B114110F2EBF5BAD1AAE557F /* Pods-lotteryStaticsProjectUITests.debug.xcconfig */,
				3D7EB2147EF154482CDF11F1 /* Pods-lotteryStaticsProjectUITests.release.xcconfig */,
			);
			name = Pods;
			sourceTree = "<group>";
		};
		BD1BB14F58CE800DC50AE737 /* Frameworks */ = {
			isa = PBXGroup;
			children = (
				6EACD437C83B6FDC913FCB87 /* libPods-lotteryStaticsProject.a */,
				9A5EE4E992A0374DE2570404 /* libPods-lotteryStaticsProjectTests.a */,
				F56CAC30F5A04E23FFA83703 /* libPods-lotteryStaticsProjectUITests.a */,
			);
			name = Frameworks;
			sourceTree = "<group>";
		};
/* End PBXGroup section */

/* Begin PBXNativeTarget section */
		52C674FB21F99E0C0053A40A /* lotteryStaticsProject */ = {
			isa = PBXNativeTarget;
			buildConfigurationList = 52C6752821F99E0D0053A40A /* Build configuration list for PBXNativeTarget "lotteryStaticsProject" */;
			buildPhases = (
				F1FEDAE5B26C9339A30F90C1 /* [CP] Check Pods Manifest.lock */,
				52C674F821F99E0C0053A40A /* Sources */,
				52C674F921F99E0C0053A40A /* Frameworks */,
				52C674FA21F99E0C0053A40A /* Resources */,
				7751C707287C912122A882A4 /* [CP] Copy Pods Resources */,
			);
			buildRules = (
			);
			dependencies = (
			);
			name = lotteryStaticsProject;
			productName = lotteryStaticsProject;
			productReference = 52C674FC21F99E0C0053A40A /* lotteryStaticsProject.app */;
			productType = "com.apple.product-type.application";
		};
		52C6751321F99E0D0053A40A /* lotteryStaticsProjectTests */ = {
			isa = PBXNativeTarget;
			buildConfigurationList = 52C6752B21F99E0D0053A40A /* Build configuration list for PBXNativeTarget "lotteryStaticsProjectTests" */;
			buildPhases = (
				20529573F55FF72BC4824F4C /* [CP] Check Pods Manifest.lock */,
				52C6751021F99E0D0053A40A /* Sources */,
				52C6751121F99E0D0053A40A /* Frameworks */,
				52C6751221F99E0D0053A40A /* Resources */,
			);
			buildRules = (
			);
			dependencies = (
				52C6751621F99E0D0053A40A /* PBXTargetDependency */,
			);
			name = lotteryStaticsProjectTests;
			productName = lotteryStaticsProjectTests;
			productReference = 52C6751421F99E0D0053A40A /* lotteryStaticsProjectTests.xctest */;
			productType = "com.apple.product-type.bundle.unit-test";
		};
		52C6751E21F99E0D0053A40A /* lotteryStaticsProjectUITests */ = {
			isa = PBXNativeTarget;
			buildConfigurationList = 52C6752E21F99E0D0053A40A /* Build configuration list for PBXNativeTarget "lotteryStaticsProjectUITests" */;
			buildPhases = (
				C944208138CC6C0CABF44035 /* [CP] Check Pods Manifest.lock */,
				52C6751B21F99E0D0053A40A /* Sources */,
				52C6751C21F99E0D0053A40A /* Frameworks */,
				52C6751D21F99E0D0053A40A /* Resources */,
			);
			buildRules = (
			);
			dependencies = (
				52C6752121F99E0D0053A40A /* PBXTargetDependency */,
			);
			name = lotteryStaticsProjectUITests;
			productName = lotteryStaticsProjectUITests;
			productReference = 52C6751F21F99E0D0053A40A /* lotteryStaticsProjectUITests.xctest */;
			productType = "com.apple.product-type.bundle.ui-testing";
		};
/* End PBXNativeTarget section */

/* Begin PBXProject section */
		52C674F421F99E0C0053A40A /* Project object */ = {
			isa = PBXProject;
			attributes = {
				LastUpgradeCheck = 1010;
				ORGANIZATIONNAME = HLM;
				TargetAttributes = {
					52C674FB21F99E0C0053A40A = {
						CreatedOnToolsVersion = 10.1;
					};
					52C6751321F99E0D0053A40A = {
						CreatedOnToolsVersion = 10.1;
						TestTargetID = 52C674FB21F99E0C0053A40A;
					};
					52C6751E21F99E0D0053A40A = {
						CreatedOnToolsVersion = 10.1;
						TestTargetID = 52C674FB21F99E0C0053A40A;
					};
				};
			};
			buildConfigurationList = 52C674F721F99E0C0053A40A /* Build configuration list for PBXProject "lotteryStaticsProject" */;
			compatibilityVersion = "Xcode 9.3";
			developmentRegion = en;
			hasScannedForEncodings = 0;
			knownRegions = (
				en,
				Base,
			);
			mainGroup = 52C674F321F99E0C0053A40A;
			productRefGroup = 52C674FD21F99E0C0053A40A /* Products */;
			projectDirPath = "";
			projectRoot = "";
			targets = (
				52C674FB21F99E0C0053A40A /* lotteryStaticsProject */,
				52C6751321F99E0D0053A40A /* lotteryStaticsProjectTests */,
				52C6751E21F99E0D0053A40A /* lotteryStaticsProjectUITests */,
			);
		};
/* End PBXProject section */

/* Begin PBXResourcesBuildPhase section */
		52C674FA21F99E0C0053A40A /* Resources */ = {
			isa = PBXResourcesBuildPhase;
			buildActionMask = 2147483647;
			files = (
				52C6755C21F9C0F70053A40A /* HLMLotteryStrategysTableViewCell.xib in Resources */,
				526DF78E21F9DB1900A97553 /* LotteryRecord.plist in Resources */,
				52C6750C21F99E0D0053A40A /* LaunchScreen.storyboard in Resources */,
				52C6755721F9C0E50053A40A /* HLMWinStatisticsTableViewCell.xib in Resources */,
				526DF7AA21FB08B200A97553 /* HLMDeleteWinRecordViewController.xib in Resources */,
				526DF7A521FB089B00A97553 /* HLMEditWinRecordViewController.xib in Resources */,
				526DF79021F9DBF600A97553 /* WinRord.plist in Resources */,
				52C6755221F9B7E50053A40A /* LotteryStrategys.plist in Resources */,
				52C6750921F99E0D0053A40A /* Assets.xcassets in Resources */,
				9C58B12A21FB676300A136D0 /* HLMRewardRecordViewCell.xib in Resources */,
				526DF79821F9E1C800A97553 /* HLMAddWinRecordViewController.xib in Resources */,
				9C58B12521FB66FC00A136D0 /* HLMRewardRecordViewController.xib in Resources */,
				52C6750721F99E0C0053A40A /* Main.storyboard in Resources */,
			);
			runOnlyForDeploymentPostprocessing = 0;
		};
		52C6751221F99E0D0053A40A /* Resources */ = {
			isa = PBXResourcesBuildPhase;
			buildActionMask = 2147483647;
			files = (
			);
			runOnlyForDeploymentPostprocessing = 0;
		};
		52C6751D21F99E0D0053A40A /* Resources */ = {
			isa = PBXResourcesBuildPhase;
			buildActionMask = 2147483647;
			files = (
			);
			runOnlyForDeploymentPostprocessing = 0;
		};
/* End PBXResourcesBuildPhase section */

/* Begin PBXShellScriptBuildPhase section */
		20529573F55FF72BC4824F4C /* [CP] Check Pods Manifest.lock */ = {
			isa = PBXShellScriptBuildPhase;
			buildActionMask = 2147483647;
			files = (
			);
			inputPaths = (
				"${PODS_PODFILE_DIR_PATH}/Podfile.lock",
				"${PODS_ROOT}/Manifest.lock",
			);
			name = "[CP] Check Pods Manifest.lock";
			outputPaths = (
				"$(DERIVED_FILE_DIR)/Pods-lotteryStaticsProjectTests-checkManifestLockResult.txt",
			);
			runOnlyForDeploymentPostprocessing = 0;
			shellPath = /bin/sh;
			shellScript = "diff \"${PODS_PODFILE_DIR_PATH}/Podfile.lock\" \"${PODS_ROOT}/Manifest.lock\" > /dev/null\nif [ $? != 0 ] ; then\n    # print error to STDERR\n    echo \"error: The sandbox is not in sync with the Podfile.lock. Run 'pod install' or update your CocoaPods installation.\" >&2\n    exit 1\nfi\n# This output is used by Xcode 'outputs' to avoid re-running this script phase.\necho \"SUCCESS\" > \"${SCRIPT_OUTPUT_FILE_0}\"\n";
			showEnvVarsInLog = 0;
		};
		7751C707287C912122A882A4 /* [CP] Copy Pods Resources */ = {
			isa = PBXShellScriptBuildPhase;
			buildActionMask = 2147483647;
			files = (
			);
			inputPaths = (
				"${SRCROOT}/Pods/Target Support Files/Pods-lotteryStaticsProject/Pods-lotteryStaticsProject-resources.sh",
				"${PODS_ROOT}/DateTools/DateTools/DateTools/DateTools.bundle",
				"${PODS_ROOT}/IQKeyboardManager/IQKeyboardManager/Resources/IQKeyboardManager.bundle",
				"${PODS_CONFIGURATION_BUILD_DIR}/MWPhotoBrowser/MWPhotoBrowser.bundle",
			);
			name = "[CP] Copy Pods Resources";
			outputPaths = (
				"${TARGET_BUILD_DIR}/${UNLOCALIZED_RESOURCES_FOLDER_PATH}/DateTools.bundle",
				"${TARGET_BUILD_DIR}/${UNLOCALIZED_RESOURCES_FOLDER_PATH}/IQKeyboardManager.bundle",
				"${TARGET_BUILD_DIR}/${UNLOCALIZED_RESOURCES_FOLDER_PATH}/MWPhotoBrowser.bundle",
			);
			runOnlyForDeploymentPostprocessing = 0;
			shellPath = /bin/sh;
			shellScript = "\"${SRCROOT}/Pods/Target Support Files/Pods-lotteryStaticsProject/Pods-lotteryStaticsProject-resources.sh\"\n";
			showEnvVarsInLog = 0;
		};
		C944208138CC6C0CABF44035 /* [CP] Check Pods Manifest.lock */ = {
			isa = PBXShellScriptBuildPhase;
			buildActionMask = 2147483647;
			files = (
			);
			inputPaths = (
				"${PODS_PODFILE_DIR_PATH}/Podfile.lock",
				"${PODS_ROOT}/Manifest.lock",
			);
			name = "[CP] Check Pods Manifest.lock";
			outputPaths = (
				"$(DERIVED_FILE_DIR)/Pods-lotteryStaticsProjectUITests-checkManifestLockResult.txt",
			);
			runOnlyForDeploymentPostprocessing = 0;
			shellPath = /bin/sh;
			shellScript = "diff \"${PODS_PODFILE_DIR_PATH}/Podfile.lock\" \"${PODS_ROOT}/Manifest.lock\" > /dev/null\nif [ $? != 0 ] ; then\n    # print error to STDERR\n    echo \"error: The sandbox is not in sync with the Podfile.lock. Run 'pod install' or update your CocoaPods installation.\" >&2\n    exit 1\nfi\n# This output is used by Xcode 'outputs' to avoid re-running this script phase.\necho \"SUCCESS\" > \"${SCRIPT_OUTPUT_FILE_0}\"\n";
			showEnvVarsInLog = 0;
		};
		F1FEDAE5B26C9339A30F90C1 /* [CP] Check Pods Manifest.lock */ = {
			isa = PBXShellScriptBuildPhase;
			buildActionMask = 2147483647;
			files = (
			);
			inputPaths = (
				"${PODS_PODFILE_DIR_PATH}/Podfile.lock",
				"${PODS_ROOT}/Manifest.lock",
			);
			name = "[CP] Check Pods Manifest.lock";
			outputPaths = (
				"$(DERIVED_FILE_DIR)/Pods-lotteryStaticsProject-checkManifestLockResult.txt",
			);
			runOnlyForDeploymentPostprocessing = 0;
			shellPath = /bin/sh;
			shellScript = "diff \"${PODS_PODFILE_DIR_PATH}/Podfile.lock\" \"${PODS_ROOT}/Manifest.lock\" > /dev/null\nif [ $? != 0 ] ; then\n    # print error to STDERR\n    echo \"error: The sandbox is not in sync with the Podfile.lock. Run 'pod install' or update your CocoaPods installation.\" >&2\n    exit 1\nfi\n# This output is used by Xcode 'outputs' to avoid re-running this script phase.\necho \"SUCCESS\" > \"${SCRIPT_OUTPUT_FILE_0}\"\n";
			showEnvVarsInLog = 0;
		};
/* End PBXShellScriptBuildPhase section */

/* Begin PBXSourcesBuildPhase section */
		52C674F821F99E0C0053A40A /* Sources */ = {
			isa = PBXSourcesBuildPhase;
			buildActionMask = 2147483647;
			files = (
				52C6754A21F9B12C0053A40A /* HLMLotteryStrategysModel.m in Sources */,
				52C6754721F9B1150053A40A /* HLMLotteryStrategysTableViewController.m in Sources */,
				526DF79721F9E1C800A97553 /* HLMAddWinRecordViewController.m in Sources */,
				52C6750421F99E0C0053A40A /* ViewController.m in Sources */,
				9C58B12921FB676300A136D0 /* HLMRewardRecordViewCell.m in Sources */,
				526DF79B21F9E7D500A97553 /* HLMAddWinRecordModel.m in Sources */,
				52C6753B21F9ADFB0053A40A /* HLMWinStatisticsTableViewController.m in Sources */,
				526DF7A421FB089B00A97553 /* HLMEditWinRecordViewController.m in Sources */,
				52C6750F21F99E0D0053A40A /* main.m in Sources */,
				9C58B13021FB6A0500A136D0 /* HLMRewardRecordModel.m in Sources */,
				52C6755B21F9C0F70053A40A /* HLMLotteryStrategysTableViewCell.m in Sources */,
				526DF7A921FB08B200A97553 /* HLMDeleteWinRecordViewController.m in Sources */,
				9C58B12421FB66FC00A136D0 /* HLMRewardRecordViewController.m in Sources */,
				52C6750121F99E0C0053A40A /* AppDelegate.m in Sources */,
				52C6754121F9AE900053A40A /* HLMWinStatisticsModel.m in Sources */,
				526DF79F21FAD1F200A97553 /* HLMDataBase.m in Sources */,
				52C6755621F9C0E50053A40A /* HLMWinStatisticsTableViewCell.m in Sources */,
			);
			runOnlyForDeploymentPostprocessing = 0;
		};
		52C6751021F99E0D0053A40A /* Sources */ = {
			isa = PBXSourcesBuildPhase;
			buildActionMask = 2147483647;
			files = (
				52C6751921F99E0D0053A40A /* lotteryStaticsProjectTests.m in Sources */,
			);
			runOnlyForDeploymentPostprocessing = 0;
		};
		52C6751B21F99E0D0053A40A /* Sources */ = {
			isa = PBXSourcesBuildPhase;
			buildActionMask = 2147483647;
			files = (
				52C6752421F99E0D0053A40A /* lotteryStaticsProjectUITests.m in Sources */,
			);
			runOnlyForDeploymentPostprocessing = 0;
		};
/* End PBXSourcesBuildPhase section */

/* Begin PBXTargetDependency section */
		52C6751621F99E0D0053A40A /* PBXTargetDependency */ = {
			isa = PBXTargetDependency;
			target = 52C674FB21F99E0C0053A40A /* lotteryStaticsProject */;
			targetProxy = 52C6751521F99E0D0053A40A /* PBXContainerItemProxy */;
		};
		52C6752121F99E0D0053A40A /* PBXTargetDependency */ = {
			isa = PBXTargetDependency;
			target = 52C674FB21F99E0C0053A40A /* lotteryStaticsProject */;
			targetProxy = 52C6752021F99E0D0053A40A /* PBXContainerItemProxy */;
		};
/* End PBXTargetDependency section */

/* Begin PBXVariantGroup section */
		52C6750521F99E0C0053A40A /* Main.storyboard */ = {
			isa = PBXVariantGroup;
			children = (
				52C6750621F99E0C0053A40A /* Base */,
			);
			name = Main.storyboard;
			sourceTree = "<group>";
		};
		52C6750A21F99E0D0053A40A /* LaunchScreen.storyboard */ = {
			isa = PBXVariantGroup;
			children = (
				52C6750B21F99E0D0053A40A /* Base */,
			);
			name = LaunchScreen.storyboard;
			sourceTree = "<group>";
		};
/* End PBXVariantGroup section */

/* Begin XCBuildConfiguration section */
		52C6752621F99E0D0053A40A /* Debug */ = {
			isa = XCBuildConfiguration;
			buildSettings = {
				ALWAYS_SEARCH_USER_PATHS = NO;
				CLANG_ANALYZER_NONNULL = YES;
				CLANG_ANALYZER_NUMBER_OBJECT_CONVERSION = YES_AGGRESSIVE;
				CLANG_CXX_LANGUAGE_STANDARD = "gnu++14";
				CLANG_CXX_LIBRARY = "libc++";
				CLANG_ENABLE_MODULES = YES;
				CLANG_ENABLE_OBJC_ARC = YES;
				CLANG_ENABLE_OBJC_WEAK = YES;
				CLANG_WARN_BLOCK_CAPTURE_AUTORELEASING = YES;
				CLANG_WARN_BOOL_CONVERSION = YES;
				CLANG_WARN_COMMA = YES;
				CLANG_WARN_CONSTANT_CONVERSION = YES;
				CLANG_WARN_DEPRECATED_OBJC_IMPLEMENTATIONS = YES;
				CLANG_WARN_DIRECT_OBJC_ISA_USAGE = YES_ERROR;
				CLANG_WARN_DOCUMENTATION_COMMENTS = YES;
				CLANG_WARN_EMPTY_BODY = YES;
				CLANG_WARN_ENUM_CONVERSION = YES;
				CLANG_WARN_INFINITE_RECURSION = YES;
				CLANG_WARN_INT_CONVERSION = YES;
				CLANG_WARN_NON_LITERAL_NULL_CONVERSION = YES;
				CLANG_WARN_OBJC_IMPLICIT_RETAIN_SELF = YES;
				CLANG_WARN_OBJC_LITERAL_CONVERSION = YES;
				CLANG_WARN_OBJC_ROOT_CLASS = YES_ERROR;
				CLANG_WARN_RANGE_LOOP_ANALYSIS = YES;
				CLANG_WARN_STRICT_PROTOTYPES = YES;
				CLANG_WARN_SUSPICIOUS_MOVE = YES;
				CLANG_WARN_UNGUARDED_AVAILABILITY = YES_AGGRESSIVE;
				CLANG_WARN_UNREACHABLE_CODE = YES;
				CLANG_WARN__DUPLICATE_METHOD_MATCH = YES;
				CODE_SIGN_IDENTITY = "iPhone Developer";
				COPY_PHASE_STRIP = NO;
				DEBUG_INFORMATION_FORMAT = dwarf;
				ENABLE_STRICT_OBJC_MSGSEND = YES;
				ENABLE_TESTABILITY = YES;
				GCC_C_LANGUAGE_STANDARD = gnu11;
				GCC_DYNAMIC_NO_PIC = NO;
				GCC_NO_COMMON_BLOCKS = YES;
				GCC_OPTIMIZATION_LEVEL = 0;
				GCC_PREPROCESSOR_DEFINITIONS = (
					"DEBUG=1",
					"$(inherited)",
				);
				GCC_WARN_64_TO_32_BIT_CONVERSION = YES;
				GCC_WARN_ABOUT_RETURN_TYPE = YES_ERROR;
				GCC_WARN_UNDECLARED_SELECTOR = YES;
				GCC_WARN_UNINITIALIZED_AUTOS = YES_AGGRESSIVE;
				GCC_WARN_UNUSED_FUNCTION = YES;
				GCC_WARN_UNUSED_VARIABLE = YES;
				IPHONEOS_DEPLOYMENT_TARGET = 12.1;
				MTL_ENABLE_DEBUG_INFO = INCLUDE_SOURCE;
				MTL_FAST_MATH = YES;
				ONLY_ACTIVE_ARCH = YES;
				SDKROOT = iphoneos;
			};
			name = Debug;
		};
		52C6752721F99E0D0053A40A /* Release */ = {
			isa = XCBuildConfiguration;
			buildSettings = {
				ALWAYS_SEARCH_USER_PATHS = NO;
				CLANG_ANALYZER_NONNULL = YES;
				CLANG_ANALYZER_NUMBER_OBJECT_CONVERSION = YES_AGGRESSIVE;
				CLANG_CXX_LANGUAGE_STANDARD = "gnu++14";
				CLANG_CXX_LIBRARY = "libc++";
				CLANG_ENABLE_MODULES = YES;
				CLANG_ENABLE_OBJC_ARC = YES;
				CLANG_ENABLE_OBJC_WEAK = YES;
				CLANG_WARN_BLOCK_CAPTURE_AUTORELEASING = YES;
				CLANG_WARN_BOOL_CONVERSION = YES;
				CLANG_WARN_COMMA = YES;
				CLANG_WARN_CONSTANT_CONVERSION = YES;
				CLANG_WARN_DEPRECATED_OBJC_IMPLEMENTATIONS = YES;
				CLANG_WARN_DIRECT_OBJC_ISA_USAGE = YES_ERROR;
				CLANG_WARN_DOCUMENTATION_COMMENTS = YES;
				CLANG_WARN_EMPTY_BODY = YES;
				CLANG_WARN_ENUM_CONVERSION = YES;
				CLANG_WARN_INFINITE_RECURSION = YES;
				CLANG_WARN_INT_CONVERSION = YES;
				CLANG_WARN_NON_LITERAL_NULL_CONVERSION = YES;
				CLANG_WARN_OBJC_IMPLICIT_RETAIN_SELF = YES;
				CLANG_WARN_OBJC_LITERAL_CONVERSION = YES;
				CLANG_WARN_OBJC_ROOT_CLASS = YES_ERROR;
				CLANG_WARN_RANGE_LOOP_ANALYSIS = YES;
				CLANG_WARN_STRICT_PROTOTYPES = YES;
				CLANG_WARN_SUSPICIOUS_MOVE = YES;
				CLANG_WARN_UNGUARDED_AVAILABILITY = YES_AGGRESSIVE;
				CLANG_WARN_UNREACHABLE_CODE = YES;
				CLANG_WARN__DUPLICATE_METHOD_MATCH = YES;
				CODE_SIGN_IDENTITY = "iPhone Developer";
				COPY_PHASE_STRIP = NO;
				DEBUG_INFORMATION_FORMAT = "dwarf-with-dsym";
				ENABLE_NS_ASSERTIONS = NO;
				ENABLE_STRICT_OBJC_MSGSEND = YES;
				GCC_C_LANGUAGE_STANDARD = gnu11;
				GCC_NO_COMMON_BLOCKS = YES;
				GCC_WARN_64_TO_32_BIT_CONVERSION = YES;
				GCC_WARN_ABOUT_RETURN_TYPE = YES_ERROR;
				GCC_WARN_UNDECLARED_SELECTOR = YES;
				GCC_WARN_UNINITIALIZED_AUTOS = YES_AGGRESSIVE;
				GCC_WARN_UNUSED_FUNCTION = YES;
				GCC_WARN_UNUSED_VARIABLE = YES;
				IPHONEOS_DEPLOYMENT_TARGET = 12.1;
				MTL_ENABLE_DEBUG_INFO = NO;
				MTL_FAST_MATH = YES;
				SDKROOT = iphoneos;
				VALIDATE_PRODUCT = YES;
			};
			name = Release;
		};
		52C6752921F99E0D0053A40A /* Debug */ = {
			isa = XCBuildConfiguration;
			baseConfigurationReference = CED264E712B531713B21306B /* Pods-lotteryStaticsProject.debug.xcconfig */;
			buildSettings = {
				ASSETCATALOG_COMPILER_APPICON_NAME = AppIcon;
				CODE_SIGN_STYLE = Automatic;
				DEVELOPMENT_TEAM = N965Z2D83Z;
				GCC_PRECOMPILE_PREFIX_HEADER = YES;
				GCC_PREFIX_HEADER = lotteryStaticsProject/lotteryStaticsProject_PrefixHeader.pch;
				INFOPLIST_FILE = lotteryStaticsProject/Info.plist;
				LD_RUNPATH_SEARCH_PATHS = (
					"$(inherited)",
					"@executable_path/Frameworks",
				);
				PRODUCT_BUNDLE_IDENTIFIER = HLM.lotteryStaticsProject;
				PRODUCT_NAME = "$(TARGET_NAME)";
				TARGETED_DEVICE_FAMILY = "1,2";
			};
			name = Debug;
		};
		52C6752A21F99E0D0053A40A /* Release */ = {
			isa = XCBuildConfiguration;
			baseConfigurationReference = A9E3EC830D0160D562860332 /* Pods-lotteryStaticsProject.release.xcconfig */;
			buildSettings = {
				ASSETCATALOG_COMPILER_APPICON_NAME = AppIcon;
				CODE_SIGN_STYLE = Automatic;
				DEVELOPMENT_TEAM = N965Z2D83Z;
				GCC_PRECOMPILE_PREFIX_HEADER = YES;
				GCC_PREFIX_HEADER = lotteryStaticsProject/lotteryStaticsProject_PrefixHeader.pch;
				INFOPLIST_FILE = lotteryStaticsProject/Info.plist;
				LD_RUNPATH_SEARCH_PATHS = (
					"$(inherited)",
					"@executable_path/Frameworks",
				);
				PRODUCT_BUNDLE_IDENTIFIER = HLM.lotteryStaticsProject;
				PRODUCT_NAME = "$(TARGET_NAME)";
				TARGETED_DEVICE_FAMILY = "1,2";
			};
			name = Release;
		};
		52C6752C21F99E0D0053A40A /* Debug */ = {
			isa = XCBuildConfiguration;
			baseConfigurationReference = DCFBE81C8887E4D1A9AF72FB /* Pods-lotteryStaticsProjectTests.debug.xcconfig */;
			buildSettings = {
				BUNDLE_LOADER = "$(TEST_HOST)";
				CODE_SIGN_STYLE = Automatic;
				INFOPLIST_FILE = lotteryStaticsProjectTests/Info.plist;
				LD_RUNPATH_SEARCH_PATHS = (
					"$(inherited)",
					"@executable_path/Frameworks",
					"@loader_path/Frameworks",
				);
				PRODUCT_BUNDLE_IDENTIFIER = HLM.lotteryStaticsProjectTests;
				PRODUCT_NAME = "$(TARGET_NAME)";
				TARGETED_DEVICE_FAMILY = "1,2";
				TEST_HOST = "$(BUILT_PRODUCTS_DIR)/lotteryStaticsProject.app/lotteryStaticsProject";
			};
			name = Debug;
		};
		52C6752D21F99E0D0053A40A /* Release */ = {
			isa = XCBuildConfiguration;
			baseConfigurationReference = B819FA2EF09B67515555F678 /* Pods-lotteryStaticsProjectTests.release.xcconfig */;
			buildSettings = {
				BUNDLE_LOADER = "$(TEST_HOST)";
				CODE_SIGN_STYLE = Automatic;
				INFOPLIST_FILE = lotteryStaticsProjectTests/Info.plist;
				LD_RUNPATH_SEARCH_PATHS = (
					"$(inherited)",
					"@executable_path/Frameworks",
					"@loader_path/Frameworks",
				);
				PRODUCT_BUNDLE_IDENTIFIER = HLM.lotteryStaticsProjectTests;
				PRODUCT_NAME = "$(TARGET_NAME)";
				TARGETED_DEVICE_FAMILY = "1,2";
				TEST_HOST = "$(BUILT_PRODUCTS_DIR)/lotteryStaticsProject.app/lotteryStaticsProject";
			};
			name = Release;
		};
		52C6752F21F99E0D0053A40A /* Debug */ = {
			isa = XCBuildConfiguration;
			baseConfigurationReference = B114110F2EBF5BAD1AAE557F /* Pods-lotteryStaticsProjectUITests.debug.xcconfig */;
			buildSettings = {
				CODE_SIGN_STYLE = Automatic;
				INFOPLIST_FILE = lotteryStaticsProjectUITests/Info.plist;
				LD_RUNPATH_SEARCH_PATHS = (
					"$(inherited)",
					"@executable_path/Frameworks",
					"@loader_path/Frameworks",
				);
				PRODUCT_BUNDLE_IDENTIFIER = HLM.lotteryStaticsProjectUITests;
				PRODUCT_NAME = "$(TARGET_NAME)";
				TARGETED_DEVICE_FAMILY = "1,2";
				TEST_TARGET_NAME = lotteryStaticsProject;
			};
			name = Debug;
		};
		52C6753021F99E0D0053A40A /* Release */ = {
			isa = XCBuildConfiguration;
			baseConfigurationReference = 3D7EB2147EF154482CDF11F1 /* Pods-lotteryStaticsProjectUITests.release.xcconfig */;
			buildSettings = {
				CODE_SIGN_STYLE = Automatic;
				INFOPLIST_FILE = lotteryStaticsProjectUITests/Info.plist;
				LD_RUNPATH_SEARCH_PATHS = (
					"$(inherited)",
					"@executable_path/Frameworks",
					"@loader_path/Frameworks",
				);
				PRODUCT_BUNDLE_IDENTIFIER = HLM.lotteryStaticsProjectUITests;
				PRODUCT_NAME = "$(TARGET_NAME)";
				TARGETED_DEVICE_FAMILY = "1,2";
				TEST_TARGET_NAME = lotteryStaticsProject;
			};
			name = Release;
		};
/* End XCBuildConfiguration section */

/* Begin XCConfigurationList section */
		52C674F721F99E0C0053A40A /* Build configuration list for PBXProject "lotteryStaticsProject" */ = {
			isa = XCConfigurationList;
			buildConfigurations = (
				52C6752621F99E0D0053A40A /* Debug */,
				52C6752721F99E0D0053A40A /* Release */,
			);
			defaultConfigurationIsVisible = 0;
			defaultConfigurationName = Release;
		};
		52C6752821F99E0D0053A40A /* Build configuration list for PBXNativeTarget "lotteryStaticsProject" */ = {
			isa = XCConfigurationList;
			buildConfigurations = (
				52C6752921F99E0D0053A40A /* Debug */,
				52C6752A21F99E0D0053A40A /* Release */,
			);
			defaultConfigurationIsVisible = 0;
			defaultConfigurationName = Release;
		};
		52C6752B21F99E0D0053A40A /* Build configuration list for PBXNativeTarget "lotteryStaticsProjectTests" */ = {
			isa = XCConfigurationList;
			buildConfigurations = (
				52C6752C21F99E0D0053A40A /* Debug */,
				52C6752D21F99E0D0053A40A /* Release */,
			);
			defaultConfigurationIsVisible = 0;
			defaultConfigurationName = Release;
		};
		52C6752E21F99E0D0053A40A /* Build configuration list for PBXNativeTarget "lotteryStaticsProjectUITests" */ = {
			isa = XCConfigurationList;
			buildConfigurations = (
				52C6752F21F99E0D0053A40A /* Debug */,
				52C6753021F99E0D0053A40A /* Release */,
			);
			defaultConfigurationIsVisible = 0;
			defaultConfigurationName = Release;
		};
/* End XCConfigurationList section */
	};
	rootObject = 52C674F421F99E0C0053A40A /* Project object */;
}
